// !$*UTF8*$!
{
	archiveVersion = 1;
	classes = {
	};
	objectVersion = 56;
	objects = {

/* Begin PBXBuildFile section */
		F517389C297E375D004E28BE /* CoreDataDemoApp.swift in Sources */ = {isa = PBXBuildFile; fileRef = F517389B297E375D004E28BE /* CoreDataDemoApp.swift */; };
		F517389E297E375D004E28BE /* ContentView.swift in Sources */ = {isa = PBXBuildFile; fileRef = F517389D297E375D004E28BE /* ContentView.swift */; };
		F51738A0297E3761004E28BE /* Assets.xcassets in Resources */ = {isa = PBXBuildFile; fileRef = F517389F297E3761004E28BE /* Assets.xcassets */; };
		F51738A3297E3761004E28BE /* Preview Assets.xcassets in Resources */ = {isa = PBXBuildFile; fileRef = F51738A2297E3761004E28BE /* Preview Assets.xcassets */; };
		F51738A5297E3761004E28BE /* Persistence.swift in Sources */ = {isa = PBXBuildFile; fileRef = F51738A4297E3761004E28BE /* Persistence.swift */; };
		F51738A8297E3761004E28BE /* CoreDataDemo.xcdatamodeld in Sources */ = {isa = PBXBuildFile; fileRef = F51738A6297E3761004E28BE /* CoreDataDemo.xcdatamodeld */; };
		F51738B5297E38D6004E28BE /* CompanyViewModel.swift in Sources */ = {isa = PBXBuildFile; fileRef = F51738B4297E38D6004E28BE /* CompanyViewModel.swift */; };
		F51738B7297E3F66004E28BE /* EmployeesViewModel.swift in Sources */ = {isa = PBXBuildFile; fileRef = F51738B6297E3F66004E28BE /* EmployeesViewModel.swift */; };
		F51738B9297E3FCD004E28BE /* EmployeesView.swift in Sources */ = {isa = PBXBuildFile; fileRef = F51738B8297E3FCD004E28BE /* EmployeesView.swift */; };
		F51738BE297E60A5004E28BE /* Employee+CoreDataClass.swift in Sources */ = {isa = PBXBuildFile; fileRef = F51738BA297E60A5004E28BE /* Employee+CoreDataClass.swift */; };
		F51738BF297E60A5004E28BE /* Employee+CoreDataProperties.swift in Sources */ = {isa = PBXBuildFile; fileRef = F51738BB297E60A5004E28BE /* Employee+CoreDataProperties.swift */; };
		F51738C0297E60A5004E28BE /* Company+CoreDataClass.swift in Sources */ = {isa = PBXBuildFile; fileRef = F51738BC297E60A5004E28BE /* Company+CoreDataClass.swift */; };
		F51738C1297E60A5004E28BE /* Company+CoreDataProperties.swift in Sources */ = {isa = PBXBuildFile; fileRef = F51738BD297E60A5004E28BE /* Company+CoreDataProperties.swift */; };
/* End PBXBuildFile section */

/* Begin PBXFileReference section */
		F5173898297E375D004E28BE /* CoreDataDemo.app */ = {isa = PBXFileReference; explicitFileType = wrapper.application; includeInIndex = 0; path = CoreDataDemo.app; sourceTree = BUILT_PRODUCTS_DIR; };
		F517389B297E375D004E28BE /* CoreDataDemoApp.swift */ = {isa = PBXFileReference; lastKnownFileType = sourcecode.swift; path = CoreDataDemoApp.swift; sourceTree = "<group>"; };
		F517389D297E375D004E28BE /* ContentView.swift */ = {isa = PBXFileReference; lastKnownFileType = sourcecode.swift; path = ContentView.swift; sourceTree = "<group>"; };
		F517389F297E3761004E28BE /* Assets.xcassets */ = {isa = PBXFileReference; lastKnownFileType = folder.assetcatalog; path = Assets.xcassets; sourceTree = "<group>"; };
		F51738A2297E3761004E28BE /* Preview Assets.xcassets */ = {isa = PBXFileReference; lastKnownFileType = folder.assetcatalog; path = "Preview Assets.xcassets"; sourceTree = "<group>"; };
		F51738A4297E3761004E28BE /* Persistence.swift */ = {isa = PBXFileReference; lastKnownFileType = sourcecode.swift; path = Persistence.swift; sourceTree = "<group>"; };
		F51738A7297E3761004E28BE /* CoreDataDemo.xcdatamodel */ = {isa = PBXFileReference; lastKnownFileType = wrapper.xcdatamodel; path = CoreDataDemo.xcdatamodel; sourceTree = "<group>"; };
		F51738B4297E38D6004E28BE /* CompanyViewModel.swift */ = {isa = PBXFileReference; lastKnownFileType = sourcecode.swift; path = CompanyViewModel.swift; sourceTree = "<group>"; };
		F51738B6297E3F66004E28BE /* EmployeesViewModel.swift */ = {isa = PBXFileReference; lastKnownFileType = sourcecode.swift; path = EmployeesViewModel.swift; sourceTree = "<group>"; };
		F51738B8297E3FCD004E28BE /* EmployeesView.swift */ = {isa = PBXFileReference; lastKnownFileType = sourcecode.swift; path = EmployeesView.swift; sourceTree = "<group>"; };
		F51738BA297E60A5004E28BE /* Employee+CoreDataClass.swift */ = {isa = PBXFileReference; lastKnownFileType = sourcecode.swift; path = "Employee+CoreDataClass.swift"; sourceTree = SOURCE_ROOT; };
		F51738BB297E60A5004E28BE /* Employee+CoreDataProperties.swift */ = {isa = PBXFileReference; lastKnownFileType = sourcecode.swift; path = "Employee+CoreDataProperties.swift"; sourceTree = SOURCE_ROOT; };
		F51738BC297E60A5004E28BE /* Company+CoreDataClass.swift */ = {isa = PBXFileReference; lastKnownFileType = sourcecode.swift; path = "Company+CoreDataClass.swift"; sourceTree = SOURCE_ROOT; };
		F51738BD297E60A5004E28BE /* Company+CoreDataProperties.swift */ = {isa = PBXFileReference; lastKnownFileType = sourcecode.swift; path = "Company+CoreDataProperties.swift"; sourceTree = SOURCE_ROOT; };
/* End PBXFileReference section */

/* Begin PBXFrameworksBuildPhase section */
		F5173895297E375D004E28BE /* Frameworks */ = {
			isa = PBXFrameworksBuildPhase;
			buildActionMask = 2147483647;
			files = (
			);
			runOnlyForDeploymentPostprocessing = 0;
		};
/* End PBXFrameworksBuildPhase section */

/* Begin PBXGroup section */
		F517388F297E375D004E28BE = {
			isa = PBXGroup;
			children = (
				F517389A297E375D004E28BE /* CoreDataDemo */,
				F5173899297E375D004E28BE /* Products */,
			);
			sourceTree = "<group>";
		};
		F5173899297E375D004E28BE /* Products */ = {
			isa = PBXGroup;
			children = (
				F5173898297E375D004E28BE /* CoreDataDemo.app */,
			);
			name = Products;
			sourceTree = "<group>";
		};
		F517389A297E375D004E28BE /* CoreDataDemo */ = {
			isa = PBXGroup;
			children = (
				F51738BA297E60A5004E28BE /* Employee+CoreDataClass.swift */,
				F51738BB297E60A5004E28BE /* Employee+CoreDataProperties.swift */,
				F51738BC297E60A5004E28BE /* Company+CoreDataClass.swift */,
				F51738BD297E60A5004E28BE /* Company+CoreDataProperties.swift */,
				F51738B0297E3876004E28BE /* Views */,
				F51738AE297E385F004E28BE /* ViewModel */,
				F517389B297E375D004E28BE /* CoreDataDemoApp.swift */,
				F517389F297E3761004E28BE /* Assets.xcassets */,
				F51738A4297E3761004E28BE /* Persistence.swift */,
				F51738A6297E3761004E28BE /* CoreDataDemo.xcdatamodeld */,
				F51738A1297E3761004E28BE /* Preview Content */,
			);
			path = CoreDataDemo;
			sourceTree = "<group>";
		};
		F51738A1297E3761004E28BE /* Preview Content */ = {
			isa = PBXGroup;
			children = (
				F51738A2297E3761004E28BE /* Preview Assets.xcassets */,
			);
			path = "Preview Content";
			sourceTree = "<group>";
		};
		F51738AE297E385F004E28BE /* ViewModel */ = {
			isa = PBXGroup;
			children = (
				F51738B6297E3F66004E28BE /* EmployeesViewModel.swift */,
				F51738B4297E38D6004E28BE /* CompanyViewModel.swift */,
			);
			path = ViewModel;
			sourceTree = "<group>";
		};
		F51738B0297E3876004E28BE /* Views */ = {
			isa = PBXGroup;
			children = (
				F51738B8297E3FCD004E28BE /* EmployeesView.swift */,
				F517389D297E375D004E28BE /* ContentView.swift */,
			);
			path = Views;
			sourceTree = "<group>";
		};
/* End PBXGroup section */

/* Begin PBXNativeTarget section */
		F5173897297E375D004E28BE /* CoreDataDemo */ = {
			isa = PBXNativeTarget;
			buildConfigurationList = F51738AB297E3761004E28BE /* Build configuration list for PBXNativeTarget "CoreDataDemo" */;
			buildPhases = (
				F5173894297E375D004E28BE /* Sources */,
				F5173895297E375D004E28BE /* Frameworks */,
				F5173896297E375D004E28BE /* Resources */,
			);
			buildRules = (
			);
			dependencies = (
			);
			name = CoreDataDemo;
			productName = CoreDataDemo;
			productReference = F5173898297E375D004E28BE /* CoreDataDemo.app */;
			productType = "com.apple.product-type.application";
		};
/* End PBXNativeTarget section */

/* Begin PBXProject section */
		F5173890297E375D004E28BE /* Project object */ = {
			isa = PBXProject;
			attributes = {
				BuildIndependentTargetsInParallel = 1;
				LastSwiftUpdateCheck = 1410;
				LastUpgradeCheck = 1410;
				TargetAttributes = {
					F5173897297E375D004E28BE = {
						CreatedOnToolsVersion = 14.1;
					};
				};
			};
			buildConfigurationList = F5173893297E375D004E28BE /* Build configuration list for PBXProject "CoreDataDemo" */;
			compatibilityVersion = "Xcode 14.0";
			developmentRegion = en;
			hasScannedForEncodings = 0;
			knownRegions = (
				en,
				Base,
			);
			mainGroup = F517388F297E375D004E28BE;
			productRefGroup = F5173899297E375D004E28BE /* Products */;
			projectDirPath = "";
			projectRoot = "";
			targets = (
				F5173897297E375D004E28BE /* CoreDataDemo */,
			);
		};
/* End PBXProject section */

/* Begin PBXResourcesBuildPhase section */
		F5173896297E375D004E28BE /* Resources */ = {
			isa = PBXResourcesBuildPhase;
			buildActionMask = 2147483647;
			files = (
				F51738A3297E3761004E28BE /* Preview Assets.xcassets in Resources */,
				F51738A0297E3761004E28BE /* Assets.xcassets in Resources */,
			);
			runOnlyForDeploymentPostprocessing = 0;
		};
/* End PBXResourcesBuildPhase section */

/* Begin PBXSourcesBuildPhase section */
		F5173894297E375D004E28BE /* Sources */ = {
			isa = PBXSourcesBuildPhase;
			buildActionMask = 2147483647;
			files = (
				F51738B5297E38D6004E28BE /* CompanyViewModel.swift in Sources */,
				F51738BF297E60A5004E28BE /* Employee+CoreDataProperties.swift in Sources */,
				F51738B9297E3FCD004E28BE /* EmployeesView.swift in Sources */,
				F51738A5297E3761004E28BE /* Persistence.swift in Sources */,
				F51738BE297E60A5004E28BE /* Employee+CoreDataClass.swift in Sources */,
				F51738B7297E3F66004E28BE /* EmployeesViewModel.swift in Sources */,
				F51738A8297E3761004E28BE /* CoreDataDemo.xcdatamodeld in Sources */,
				F517389E297E375D004E28BE /* ContentView.swift in Sources */,
				F517389C297E375D004E28BE /* CoreDataDemoApp.swift in Sources */,
				F51738C0297E60A5004E28BE /* Company+CoreDataClass.swift in Sources */,
				F51738C1297E60A5004E28BE /* Company+CoreDataProperties.swift in Sources */,
			);
			runOnlyForDeploymentPostprocessing = 0;
		};
/* End PBXSourcesBuildPhase section */

/* Begin XCBuildConfiguration section */
		F51738A9297E3761004E28BE /* Debug */ = {
			isa = XCBuildConfiguration;
			buildSettings = {
				ALWAYS_SEARCH_USER_PATHS = NO;
				CLANG_ANALYZER_NONNULL = YES;
				CLANG_ANALYZER_NUMBER_OBJECT_CONVERSION = YES_AGGRESSIVE;
				CLANG_CXX_LANGUAGE_STANDARD = "gnu++20";
				CLANG_ENABLE_MODULES = YES;
				CLANG_ENABLE_OBJC_ARC = YES;
				CLANG_ENABLE_OBJC_WEAK = YES;
				CLANG_WARN_BLOCK_CAPTURE_AUTORELEASING = YES;
				CLANG_WARN_BOOL_CONVERSION = YES;
				CLANG_WARN_COMMA = YES;
				CLANG_WARN_CONSTANT_CONVERSION = YES;
				CLANG_WARN_DEPRECATED_OBJC_IMPLEMENTATIONS = YES;
				CLANG_WARN_DIRECT_OBJC_ISA_USAGE = YES_ERROR;
				CLANG_WARN_DOCUMENTATION_COMMENTS = YES;
				CLANG_WARN_EMPTY_BODY = YES;
				CLANG_WARN_ENUM_CONVERSION = YES;
				CLANG_WARN_INFINITE_RECURSION = YES;
				CLANG_WARN_INT_CONVERSION = YES;
				CLANG_WARN_NON_LITERAL_NULL_CONVERSION = YES;
				CLANG_WARN_OBJC_IMPLICIT_RETAIN_SELF = YES;
				CLANG_WARN_OBJC_LITERAL_CONVERSION = YES;
				CLANG_WARN_OBJC_ROOT_CLASS = YES_ERROR;
				CLANG_WARN_QUOTED_INCLUDE_IN_FRAMEWORK_HEADER = YES;
				CLANG_WARN_RANGE_LOOP_ANALYSIS = YES;
				CLANG_WARN_STRICT_PROTOTYPES = YES;
				CLANG_WARN_SUSPICIOUS_MOVE = YES;
				CLANG_WARN_UNGUARDED_AVAILABILITY = YES_AGGRESSIVE;
				CLANG_WARN_UNREACHABLE_CODE = YES;
				CLANG_WARN__DUPLICATE_METHOD_MATCH = YES;
				COPY_PHASE_STRIP = NO;
				DEBUG_INFORMATION_FORMAT = dwarf;
				ENABLE_STRICT_OBJC_MSGSEND = YES;
				ENABLE_TESTABILITY = YES;
				GCC_C_LANGUAGE_STANDARD = gnu11;
				GCC_DYNAMIC_NO_PIC = NO;
				GCC_NO_COMMON_BLOCKS = YES;
				GCC_OPTIMIZATION_LEVEL = 0;
				GCC_PREPROCESSOR_DEFINITIONS = (
					"DEBUG=1",
					"$(inherited)",
				);
				GCC_WARN_64_TO_32_BIT_CONVERSION = YES;
				GCC_WARN_ABOUT_RETURN_TYPE = YES_ERROR;
				GCC_WARN_UNDECLARED_SELECTOR = YES;
				GCC_WARN_UNINITIALIZED_AUTOS = YES_AGGRESSIVE;
				GCC_WARN_UNUSED_FUNCTION = YES;
				GCC_WARN_UNUSED_VARIABLE = YES;
				IPHONEOS_DEPLOYMENT_TARGET = 16.1;
				MTL_ENABLE_DEBUG_INFO = INCLUDE_SOURCE;
				MTL_FAST_MATH = YES;
				ONLY_ACTIVE_ARCH = YES;
				SDKROOT = iphoneos;
				SWIFT_ACTIVE_COMPILATION_CONDITIONS = DEBUG;
				SWIFT_OPTIMIZATION_LEVEL = "-Onone";
			};
			name = Debug;
		};
		F51738AA297E3761004E28BE /* Release */ = {
			isa = XCBuildConfiguration;
			buildSettings = {
				ALWAYS_SEARCH_USER_PATHS = NO;
				CLANG_ANALYZER_NONNULL = YES;
				CLANG_ANALYZER_NUMBER_OBJECT_CONVERSION = YES_AGGRESSIVE;
				CLANG_CXX_LANGUAGE_STANDARD = "gnu++20";
				CLANG_ENABLE_MODULES = YES;
				CLANG_ENABLE_OBJC_ARC = YES;
				CLANG_ENABLE_OBJC_WEAK = YES;
				CLANG_WARN_BLOCK_CAPTURE_AUTORELEASING = YES;
				CLANG_WARN_BOOL_CONVERSION = YES;
				CLANG_WARN_COMMA = YES;
				CLANG_WARN_CONSTANT_CONVERSION = YES;
				CLANG_WARN_DEPRECATED_OBJC_IMPLEMENTATIONS = YES;
				CLANG_WARN_DIRECT_OBJC_ISA_USAGE = YES_ERROR;
				CLANG_WARN_DOCUMENTATION_COMMENTS = YES;
				CLANG_WARN_EMPTY_BODY = YES;
				CLANG_WARN_ENUM_CONVERSION = YES;
				CLANG_WARN_INFINITE_RECURSION = YES;
				CLANG_WARN_INT_CONVERSION = YES;
				CLANG_WARN_NON_LITERAL_NULL_CONVERSION = YES;
				CLANG_WARN_OBJC_IMPLICIT_RETAIN_SELF = YES;
				CLANG_WARN_OBJC_LITERAL_CONVERSION = YES;
				CLANG_WARN_OBJC_ROOT_CLASS = YES_ERROR;
				CLANG_WARN_QUOTED_INCLUDE_IN_FRAMEWORK_HEADER = YES;
				CLANG_WARN_RANGE_LOOP_ANALYSIS = YES;
				CLANG_WARN_STRICT_PROTOTYPES = YES;
				CLANG_WARN_SUSPICIOUS_MOVE = YES;
				CLANG_WARN_UNGUARDED_AVAILABILITY = YES_AGGRESSIVE;
				CLANG_WARN_UNREACHABLE_CODE = YES;
				CLANG_WARN__DUPLICATE_METHOD_MATCH = YES;
				COPY_PHASE_STRIP = NO;
				DEBUG_INFORMATION_FORMAT = "dwarf-with-dsym";
				ENABLE_NS_ASSERTIONS = NO;
				ENABLE_STRICT_OBJC_MSGSEND = YES;
				GCC_C_LANGUAGE_STANDARD = gnu11;
				GCC_NO_COMMON_BLOCKS = YES;
				GCC_WARN_64_TO_32_BIT_CONVERSION = YES;
				GCC_WARN_ABOUT_RETURN_TYPE = YES_ERROR;
				GCC_WARN_UNDECLARED_SELECTOR = YES;
				GCC_WARN_UNINITIALIZED_AUTOS = YES_AGGRESSIVE;
				GCC_WARN_UNUSED_FUNCTION = YES;
				GCC_WARN_UNUSED_VARIABLE = YES;
				IPHONEOS_DEPLOYMENT_TARGET = 16.1;
				MTL_ENABLE_DEBUG_INFO = NO;
				MTL_FAST_MATH = YES;
				SDKROOT = iphoneos;
				SWIFT_COMPILATION_MODE = wholemodule;
				SWIFT_OPTIMIZATION_LEVEL = "-O";
				VALIDATE_PRODUCT = YES;
			};
			name = Release;
		};
		F51738AC297E3761004E28BE /* Debug */ = {
			isa = XCBuildConfiguration;
			buildSettings = {
				ASSETCATALOG_COMPILER_APPICON_NAME = AppIcon;
				ASSETCATALOG_COMPILER_GLOBAL_ACCENT_COLOR_NAME = AccentColor;
				CODE_SIGN_STYLE = Automatic;
				CURRENT_PROJECT_VERSION = 1;
				DEVELOPMENT_ASSET_PATHS = "\"CoreDataDemo/Preview Content\"";
				DEVELOPMENT_TEAM = Q98J247HTL;
				ENABLE_PREVIEWS = YES;
				GENERATE_INFOPLIST_FILE = YES;
				INFOPLIST_KEY_UIApplicationSceneManifest_Generation = YES;
				INFOPLIST_KEY_UIApplicationSupportsIndirectInputEvents = YES;
				INFOPLIST_KEY_UILaunchScreen_Generation = YES;
				INFOPLIST_KEY_UISupportedInterfaceOrientations_iPad = "UIInterfaceOrientationPortrait UIInterfaceOrientationPortraitUpsideDown UIInterfaceOrientationLandscapeLeft UIInterfaceOrientationLandscapeRight";
				INFOPLIST_KEY_UISupportedInterfaceOrientations_iPhone = "UIInterfaceOrientationPortrait UIInterfaceOrientationLandscapeLeft UIInterfaceOrientationLandscapeRight";
				LD_RUNPATH_SEARCH_PATHS = (
					"$(inherited)",
					"@executable_path/Frameworks",
				);
				MARKETING_VERSION = 1.0;
				PRODUCT_BUNDLE_IDENTIFIER = com.exploringswift.CoreDataDemo;
				PRODUCT_NAME = "$(TARGET_NAME)";
				SWIFT_EMIT_LOC_STRINGS = YES;
				SWIFT_VERSION = 5.0;
				TARGETED_DEVICE_FAMILY = "1,2";
			};
			name = Debug;
		};
		F51738AD297E3761004E28BE /* Release */ = {
			isa = XCBuildConfiguration;
			buildSettings = {
				ASSETCATALOG_COMPILER_APPICON_NAME = AppIcon;
				ASSETCATALOG_COMPILER_GLOBAL_ACCENT_COLOR_NAME = AccentColor;
				CODE_SIGN_STYLE = Automatic;
				CURRENT_PROJECT_VERSION = 1;
				DEVELOPMENT_ASSET_PATHS = "\"CoreDataDemo/Preview Content\"";
				DEVELOPMENT_TEAM = Q98J247HTL;
				ENABLE_PREVIEWS = YES;
				GENERATE_INFOPLIST_FILE = YES;
				INFOPLIST_KEY_UIApplicationSceneManifest_Generation = YES;
				INFOPLIST_KEY_UIApplicationSupportsIndirectInputEvents = YES;
				INFOPLIST_KEY_UILaunchScreen_Generation = YES;
				INFOPLIST_KEY_UISupportedInterfaceOrientations_iPad = "UIInterfaceOrientationPortrait UIInterfaceOrientationPortraitUpsideDown UIInterfaceOrientationLandscapeLeft UIInterfaceOrientationLandscapeRight";
				INFOPLIST_KEY_UISupportedInterfaceOrientations_iPhone = "UIInterfaceOrientationPortrait UIInterfaceOrientationLandscapeLeft UIInterfaceOrientationLandscapeRight";
				LD_RUNPATH_SEARCH_PATHS = (
					"$(inherited)",
					"@executable_path/Frameworks",
				);
				MARKETING_VERSION = 1.0;
				PRODUCT_BUNDLE_IDENTIFIER = com.exploringswift.CoreDataDemo;
				PRODUCT_NAME = "$(TARGET_NAME)";
				SWIFT_EMIT_LOC_STRINGS = YES;
				SWIFT_VERSION = 5.0;
				TARGETED_DEVICE_FAMILY = "1,2";
			};
			name = Release;
		};
/* End XCBuildConfiguration section */

/* Begin XCConfigurationList section */
		F5173893297E375D004E28BE /* Build configuration list for PBXProject "CoreDataDemo" */ = {
			isa = XCConfigurationList;
			buildConfigurations = (
				F51738A9297E3761004E28BE /* Debug */,
				F51738AA297E3761004E28BE /* Release */,
			);
			defaultConfigurationIsVisible = 0;
			defaultConfigurationName = Release;
		};
		F51738AB297E3761004E28BE /* Build configuration list for PBXNativeTarget "CoreDataDemo" */ = {
			isa = XCConfigurationList;
			buildConfigurations = (
				F51738AC297E3761004E28BE /* Debug */,
				F51738AD297E3761004E28BE /* Release */,
			);
			defaultConfigurationIsVisible = 0;
			defaultConfigurationName = Release;
		};
/* End XCConfigurationList section */

/* Begin XCVersionGroup section */
		F51738A6297E3761004E28BE /* CoreDataDemo.xcdatamodeld */ = {
			isa = XCVersionGroup;
			children = (
				F51738A7297E3761004E28BE /* CoreDataDemo.xcdatamodel */,
			);
			currentVersion = F51738A7297E3761004E28BE /* CoreDataDemo.xcdatamodel */;
			path = CoreDataDemo.xcdatamodeld;
			sourceTree = "<group>";
			versionGroupType = wrapper.xcdatamodel;
		};
/* End XCVersionGroup section */
	};
	rootObject = F5173890297E375D004E28BE /* Project object */;
}
